// !$*UTF8*$!
{
	archiveVersion = 1;
	classes = {
	};
	objectVersion = 56;
	objects = {

/* Begin PBXBuildFile section */
		4E3F4D6728E32D2A0034D8CC /* MoonshotApp.swift in Sources */ = {isa = PBXBuildFile; fileRef = 4E3F4D6628E32D2A0034D8CC /* MoonshotApp.swift */; };
		4E3F4D6928E32D2A0034D8CC /* ContentView.swift in Sources */ = {isa = PBXBuildFile; fileRef = 4E3F4D6828E32D2A0034D8CC /* ContentView.swift */; };
		4E3F4D6B28E32D2B0034D8CC /* Assets.xcassets in Resources */ = {isa = PBXBuildFile; fileRef = 4E3F4D6A28E32D2B0034D8CC /* Assets.xcassets */; };
		4E3F4D6E28E32D2B0034D8CC /* Preview Assets.xcassets in Resources */ = {isa = PBXBuildFile; fileRef = 4E3F4D6D28E32D2B0034D8CC /* Preview Assets.xcassets */; };
		4E3F4D7628E3550B0034D8CC /* missions.json in Resources */ = {isa = PBXBuildFile; fileRef = 4E3F4D7428E3550A0034D8CC /* missions.json */; };
		4E3F4D7728E3550B0034D8CC /* astronauts.json in Resources */ = {isa = PBXBuildFile; fileRef = 4E3F4D7528E3550B0034D8CC /* astronauts.json */; };
		4E3F4D7928E355CC0034D8CC /* Astronaut.swift in Sources */ = {isa = PBXBuildFile; fileRef = 4E3F4D7828E355CC0034D8CC /* Astronaut.swift */; };
		4E3F4D7B28E3564C0034D8CC /* Bundle-Decodable.swift in Sources */ = {isa = PBXBuildFile; fileRef = 4E3F4D7A28E3564C0034D8CC /* Bundle-Decodable.swift */; };
		4E3F4D7F28E35A990034D8CC /* Mission.swift in Sources */ = {isa = PBXBuildFile; fileRef = 4E3F4D7E28E35A990034D8CC /* Mission.swift */; };
		4E3F4D8128E3B15A0034D8CC /* Color-Theme.swift in Sources */ = {isa = PBXBuildFile; fileRef = 4E3F4D8028E3B15A0034D8CC /* Color-Theme.swift */; };
		4E3F4D8328E4A2290034D8CC /* MissionView.swift in Sources */ = {isa = PBXBuildFile; fileRef = 4E3F4D8228E4A2290034D8CC /* MissionView.swift */; };
		4E3F4D8528E4FEDE0034D8CC /* AstronautsView.swift in Sources */ = {isa = PBXBuildFile; fileRef = 4E3F4D8428E4FEDE0034D8CC /* AstronautsView.swift */; };
/* End PBXBuildFile section */

/* Begin PBXFileReference section */
		4E3F4D6328E32D2A0034D8CC /* Moonshot.app */ = {isa = PBXFileReference; explicitFileType = wrapper.application; includeInIndex = 0; path = Moonshot.app; sourceTree = BUILT_PRODUCTS_DIR; };
		4E3F4D6628E32D2A0034D8CC /* MoonshotApp.swift */ = {isa = PBXFileReference; lastKnownFileType = sourcecode.swift; path = MoonshotApp.swift; sourceTree = "<group>"; };
		4E3F4D6828E32D2A0034D8CC /* ContentView.swift */ = {isa = PBXFileReference; lastKnownFileType = sourcecode.swift; path = ContentView.swift; sourceTree = "<group>"; };
		4E3F4D6A28E32D2B0034D8CC /* Assets.xcassets */ = {isa = PBXFileReference; lastKnownFileType = folder.assetcatalog; path = Assets.xcassets; sourceTree = "<group>"; };
		4E3F4D6D28E32D2B0034D8CC /* Preview Assets.xcassets */ = {isa = PBXFileReference; lastKnownFileType = folder.assetcatalog; path = "Preview Assets.xcassets"; sourceTree = "<group>"; };
		4E3F4D7428E3550A0034D8CC /* missions.json */ = {isa = PBXFileReference; fileEncoding = 4; lastKnownFileType = text.json; path = missions.json; sourceTree = "<group>"; };
		4E3F4D7528E3550B0034D8CC /* astronauts.json */ = {isa = PBXFileReference; fileEncoding = 4; lastKnownFileType = text.json; path = astronauts.json; sourceTree = "<group>"; };
		4E3F4D7828E355CC0034D8CC /* Astronaut.swift */ = {isa = PBXFileReference; lastKnownFileType = sourcecode.swift; path = Astronaut.swift; sourceTree = "<group>"; };
		4E3F4D7A28E3564C0034D8CC /* Bundle-Decodable.swift */ = {isa = PBXFileReference; lastKnownFileType = sourcecode.swift; path = "Bundle-Decodable.swift"; sourceTree = "<group>"; };
		4E3F4D7E28E35A990034D8CC /* Mission.swift */ = {isa = PBXFileReference; lastKnownFileType = sourcecode.swift; path = Mission.swift; sourceTree = "<group>"; };
		4E3F4D8028E3B15A0034D8CC /* Color-Theme.swift */ = {isa = PBXFileReference; lastKnownFileType = sourcecode.swift; path = "Color-Theme.swift"; sourceTree = "<group>"; };
		4E3F4D8228E4A2290034D8CC /* MissionView.swift */ = {isa = PBXFileReference; lastKnownFileType = sourcecode.swift; path = MissionView.swift; sourceTree = "<group>"; };
		4E3F4D8428E4FEDE0034D8CC /* AstronautsView.swift */ = {isa = PBXFileReference; lastKnownFileType = sourcecode.swift; path = AstronautsView.swift; sourceTree = "<group>"; };
/* End PBXFileReference section */

/* Begin PBXFrameworksBuildPhase section */
		4E3F4D6028E32D2A0034D8CC /* Frameworks */ = {
			isa = PBXFrameworksBuildPhase;
			buildActionMask = 2147483647;
			files = (
			);
			runOnlyForDeploymentPostprocessing = 0;
		};
/* End PBXFrameworksBuildPhase section */

/* Begin PBXGroup section */
		4E3F4D5A28E32D2A0034D8CC = {
			isa = PBXGroup;
			children = (
				4E3F4D6528E32D2A0034D8CC /* Moonshot */,
				4E3F4D6428E32D2A0034D8CC /* Products */,
			);
			sourceTree = "<group>";
		};
		4E3F4D6428E32D2A0034D8CC /* Products */ = {
			isa = PBXGroup;
			children = (
				4E3F4D6328E32D2A0034D8CC /* Moonshot.app */,
			);
			name = Products;
			sourceTree = "<group>";
		};
		4E3F4D6528E32D2A0034D8CC /* Moonshot */ = {
			isa = PBXGroup;
			children = (
				4E3F4D6628E32D2A0034D8CC /* MoonshotApp.swift */,
				4E3F4D6828E32D2A0034D8CC /* ContentView.swift */,
				4E3F4D8228E4A2290034D8CC /* MissionView.swift */,
				4E3F4D8428E4FEDE0034D8CC /* AstronautsView.swift */,
				4E3F4D8028E3B15A0034D8CC /* Color-Theme.swift */,
				4E3F4D7828E355CC0034D8CC /* Astronaut.swift */,
				4E3F4D7A28E3564C0034D8CC /* Bundle-Decodable.swift */,
				4E3F4D6A28E32D2B0034D8CC /* Assets.xcassets */,
				4E3F4D7528E3550B0034D8CC /* astronauts.json */,
				4E3F4D7428E3550A0034D8CC /* missions.json */,
				4E3F4D7E28E35A990034D8CC /* Mission.swift */,
				4E3F4D6C28E32D2B0034D8CC /* Preview Content */,
			);
			path = Moonshot;
			sourceTree = "<group>";
		};
		4E3F4D6C28E32D2B0034D8CC /* Preview Content */ = {
			isa = PBXGroup;
			children = (
				4E3F4D6D28E32D2B0034D8CC /* Preview Assets.xcassets */,
			);
			path = "Preview Content";
			sourceTree = "<group>";
		};
/* End PBXGroup section */

/* Begin PBXNativeTarget section */
		4E3F4D6228E32D2A0034D8CC /* Moonshot */ = {
			isa = PBXNativeTarget;
			buildConfigurationList = 4E3F4D7128E32D2B0034D8CC /* Build configuration list for PBXNativeTarget "Moonshot" */;
			buildPhases = (
				4E3F4D5F28E32D2A0034D8CC /* Sources */,
				4E3F4D6028E32D2A0034D8CC /* Frameworks */,
				4E3F4D6128E32D2A0034D8CC /* Resources */,
			);
			buildRules = (
			);
			dependencies = (
			);
			name = Moonshot;
			productName = Moonshot;
			productReference = 4E3F4D6328E32D2A0034D8CC /* Moonshot.app */;
			productType = "com.apple.product-type.application";
		};
/* End PBXNativeTarget section */

/* Begin PBXProject section */
		4E3F4D5B28E32D2A0034D8CC /* Project object */ = {
			isa = PBXProject;
			attributes = {
				BuildIndependentTargetsInParallel = 1;
				LastSwiftUpdateCheck = 1400;
				LastUpgradeCheck = 1400;
				TargetAttributes = {
					4E3F4D6228E32D2A0034D8CC = {
						CreatedOnToolsVersion = 14.0.1;
					};
				};
			};
			buildConfigurationList = 4E3F4D5E28E32D2A0034D8CC /* Build configuration list for PBXProject "Moonshot" */;
			compatibilityVersion = "Xcode 14.0";
			developmentRegion = en;
			hasScannedForEncodings = 0;
			knownRegions = (
				en,
				Base,
			);
			mainGroup = 4E3F4D5A28E32D2A0034D8CC;
			productRefGroup = 4E3F4D6428E32D2A0034D8CC /* Products */;
			projectDirPath = "";
			projectRoot = "";
			targets = (
				4E3F4D6228E32D2A0034D8CC /* Moonshot */,
			);
		};
/* End PBXProject section */

/* Begin PBXResourcesBuildPhase section */
		4E3F4D6128E32D2A0034D8CC /* Resources */ = {
			isa = PBXResourcesBuildPhase;
			buildActionMask = 2147483647;
			files = (
				4E3F4D6E28E32D2B0034D8CC /* Preview Assets.xcassets in Resources */,
				4E3F4D7628E3550B0034D8CC /* missions.json in Resources */,
				4E3F4D6B28E32D2B0034D8CC /* Assets.xcassets in Resources */,
				4E3F4D7728E3550B0034D8CC /* astronauts.json in Resources */,
			);
			runOnlyForDeploymentPostprocessing = 0;
		};
/* End PBXResourcesBuildPhase section */

/* Begin PBXSourcesBuildPhase section */
		4E3F4D5F28E32D2A0034D8CC /* Sources */ = {
			isa = PBXSourcesBuildPhase;
			buildActionMask = 2147483647;
			files = (
				4E3F4D8328E4A2290034D8CC /* MissionView.swift in Sources */,
				4E3F4D7F28E35A990034D8CC /* Mission.swift in Sources */,
				4E3F4D8128E3B15A0034D8CC /* Color-Theme.swift in Sources */,
				4E3F4D7928E355CC0034D8CC /* Astronaut.swift in Sources */,
				4E3F4D6928E32D2A0034D8CC /* ContentView.swift in Sources */,
				4E3F4D6728E32D2A0034D8CC /* MoonshotApp.swift in Sources */,
				4E3F4D8528E4FEDE0034D8CC /* AstronautsView.swift in Sources */,
				4E3F4D7B28E3564C0034D8CC /* Bundle-Decodable.swift in Sources */,
			);
			runOnlyForDeploymentPostprocessing = 0;
		};
/* End PBXSourcesBuildPhase section */

/* Begin XCBuildConfiguration section */
		4E3F4D6F28E32D2B0034D8CC /* Debug */ = {
			isa = XCBuildConfiguration;
			buildSettings = {
				ALWAYS_SEARCH_USER_PATHS = NO;
				CLANG_ANALYZER_NONNULL = YES;
				CLANG_ANALYZER_NUMBER_OBJECT_CONVERSION = YES_AGGRESSIVE;
				CLANG_CXX_LANGUAGE_STANDARD = "gnu++20";
				CLANG_ENABLE_MODULES = YES;
				CLANG_ENABLE_OBJC_ARC = YES;
				CLANG_ENABLE_OBJC_WEAK = YES;
				CLANG_WARN_BLOCK_CAPTURE_AUTORELEASING = YES;
				CLANG_WARN_BOOL_CONVERSION = YES;
				CLANG_WARN_COMMA = YES;
				CLANG_WARN_CONSTANT_CONVERSION = YES;
				CLANG_WARN_DEPRECATED_OBJC_IMPLEMENTATIONS = YES;
				CLANG_WARN_DIRECT_OBJC_ISA_USAGE = YES_ERROR;
				CLANG_WARN_DOCUMENTATION_COMMENTS = YES;
				CLANG_WARN_EMPTY_BODY = YES;
				CLANG_WARN_ENUM_CONVERSION = YES;
				CLANG_WARN_INFINITE_RECURSION = YES;
				CLANG_WARN_INT_CONVERSION = YES;
				CLANG_WARN_NON_LITERAL_NULL_CONVERSION = YES;
				CLANG_WARN_OBJC_IMPLICIT_RETAIN_SELF = YES;
				CLANG_WARN_OBJC_LITERAL_CONVERSION = YES;
				CLANG_WARN_OBJC_ROOT_CLASS = YES_ERROR;
				CLANG_WARN_QUOTED_INCLUDE_IN_FRAMEWORK_HEADER = YES;
				CLANG_WARN_RANGE_LOOP_ANALYSIS = YES;
				CLANG_WARN_STRICT_PROTOTYPES = YES;
				CLANG_WARN_SUSPICIOUS_MOVE = YES;
				CLANG_WARN_UNGUARDED_AVAILABILITY = YES_AGGRESSIVE;
				CLANG_WARN_UNREACHABLE_CODE = YES;
				CLANG_WARN__DUPLICATE_METHOD_MATCH = YES;
				COPY_PHASE_STRIP = NO;
				DEBUG_INFORMATION_FORMAT = dwarf;
				ENABLE_STRICT_OBJC_MSGSEND = YES;
				ENABLE_TESTABILITY = YES;
				GCC_C_LANGUAGE_STANDARD = gnu11;
				GCC_DYNAMIC_NO_PIC = NO;
				GCC_NO_COMMON_BLOCKS = YES;
				GCC_OPTIMIZATION_LEVEL = 0;
				GCC_PREPROCESSOR_DEFINITIONS = (
					"DEBUG=1",
					"$(inherited)",
				);
				GCC_WARN_64_TO_32_BIT_CONVERSION = YES;
				GCC_WARN_ABOUT_RETURN_TYPE = YES_ERROR;
				GCC_WARN_UNDECLARED_SELECTOR = YES;
				GCC_WARN_UNINITIALIZED_AUTOS = YES_AGGRESSIVE;
				GCC_WARN_UNUSED_FUNCTION = YES;
				GCC_WARN_UNUSED_VARIABLE = YES;
				IPHONEOS_DEPLOYMENT_TARGET = 16.0;
				MTL_ENABLE_DEBUG_INFO = INCLUDE_SOURCE;
				MTL_FAST_MATH = YES;
				ONLY_ACTIVE_ARCH = YES;
				SDKROOT = iphoneos;
				SWIFT_ACTIVE_COMPILATION_CONDITIONS = DEBUG;
				SWIFT_OPTIMIZATION_LEVEL = "-Onone";
			};
			name = Debug;
		};
		4E3F4D7028E32D2B0034D8CC /* Release */ = {
			isa = XCBuildConfiguration;
			buildSettings = {
				ALWAYS_SEARCH_USER_PATHS = NO;
				CLANG_ANALYZER_NONNULL = YES;
				CLANG_ANALYZER_NUMBER_OBJECT_CONVERSION = YES_AGGRESSIVE;
				CLANG_CXX_LANGUAGE_STANDARD = "gnu++20";
				CLANG_ENABLE_MODULES = YES;
				CLANG_ENABLE_OBJC_ARC = YES;
				CLANG_ENABLE_OBJC_WEAK = YES;
				CLANG_WARN_BLOCK_CAPTURE_AUTORELEASING = YES;
				CLANG_WARN_BOOL_CONVERSION = YES;
				CLANG_WARN_COMMA = YES;
				CLANG_WARN_CONSTANT_CONVERSION = YES;
				CLANG_WARN_DEPRECATED_OBJC_IMPLEMENTATIONS = YES;
				CLANG_WARN_DIRECT_OBJC_ISA_USAGE = YES_ERROR;
				CLANG_WARN_DOCUMENTATION_COMMENTS = YES;
				CLANG_WARN_EMPTY_BODY = YES;
				CLANG_WARN_ENUM_CONVERSION = YES;
				CLANG_WARN_INFINITE_RECURSION = YES;
				CLANG_WARN_INT_CONVERSION = YES;
				CLANG_WARN_NON_LITERAL_NULL_CONVERSION = YES;
				CLANG_WARN_OBJC_IMPLICIT_RETAIN_SELF = YES;
				CLANG_WARN_OBJC_LITERAL_CONVERSION = YES;
				CLANG_WARN_OBJC_ROOT_CLASS = YES_ERROR;
				CLANG_WARN_QUOTED_INCLUDE_IN_FRAMEWORK_HEADER = YES;
				CLANG_WARN_RANGE_LOOP_ANALYSIS = YES;
				CLANG_WARN_STRICT_PROTOTYPES = YES;
				CLANG_WARN_SUSPICIOUS_MOVE = YES;
				CLANG_WARN_UNGUARDED_AVAILABILITY = YES_AGGRESSIVE;
				CLANG_WARN_UNREACHABLE_CODE = YES;
				CLANG_WARN__DUPLICATE_METHOD_MATCH = YES;
				COPY_PHASE_STRIP = NO;
				DEBUG_INFORMATION_FORMAT = "dwarf-with-dsym";
				ENABLE_NS_ASSERTIONS = NO;
				ENABLE_STRICT_OBJC_MSGSEND = YES;
				GCC_C_LANGUAGE_STANDARD = gnu11;
				GCC_NO_COMMON_BLOCKS = YES;
				GCC_WARN_64_TO_32_BIT_CONVERSION = YES;
				GCC_WARN_ABOUT_RETURN_TYPE = YES_ERROR;
				GCC_WARN_UNDECLARED_SELECTOR = YES;
				GCC_WARN_UNINITIALIZED_AUTOS = YES_AGGRESSIVE;
				GCC_WARN_UNUSED_FUNCTION = YES;
				GCC_WARN_UNUSED_VARIABLE = YES;
				IPHONEOS_DEPLOYMENT_TARGET = 16.0;
				MTL_ENABLE_DEBUG_INFO = NO;
				MTL_FAST_MATH = YES;
				SDKROOT = iphoneos;
				SWIFT_COMPILATION_MODE = wholemodule;
				SWIFT_OPTIMIZATION_LEVEL = "-O";
				VALIDATE_PRODUCT = YES;
			};
			name = Release;
		};
		4E3F4D7228E32D2B0034D8CC /* Debug */ = {
			isa = XCBuildConfiguration;
			buildSettings = {
				ASSETCATALOG_COMPILER_APPICON_NAME = AppIcon;
				ASSETCATALOG_COMPILER_GLOBAL_ACCENT_COLOR_NAME = AccentColor;
				CODE_SIGN_STYLE = Automatic;
				CURRENT_PROJECT_VERSION = 1;
				DEVELOPMENT_ASSET_PATHS = "\"Moonshot/Preview Content\"";
				DEVELOPMENT_TEAM = 2Q2WD39QHC;
				ENABLE_PREVIEWS = YES;
				GENERATE_INFOPLIST_FILE = YES;
				INFOPLIST_KEY_UIApplicationSceneManifest_Generation = YES;
				INFOPLIST_KEY_UIApplicationSupportsIndirectInputEvents = YES;
				INFOPLIST_KEY_UILaunchScreen_Generation = YES;
				INFOPLIST_KEY_UISupportedInterfaceOrientations_iPad = "UIInterfaceOrientationPortrait UIInterfaceOrientationPortraitUpsideDown UIInterfaceOrientationLandscapeLeft UIInterfaceOrientationLandscapeRight";
				INFOPLIST_KEY_UISupportedInterfaceOrientations_iPhone = "UIInterfaceOrientationPortrait UIInterfaceOrientationLandscapeLeft UIInterfaceOrientationLandscapeRight";
				LD_RUNPATH_SEARCH_PATHS = (
					"$(inherited)",
					"@executable_path/Frameworks",
				);
				MARKETING_VERSION = 1.0;
				PRODUCT_BUNDLE_IDENTIFIER = federicocipriani.Moonshot;
				PRODUCT_NAME = "$(TARGET_NAME)";
				SWIFT_EMIT_LOC_STRINGS = YES;
				SWIFT_VERSION = 5.0;
				TARGETED_DEVICE_FAMILY = "1,2";
			};
			name = Debug;
		};
		4E3F4D7328E32D2B0034D8CC /* Release */ = {
			isa = XCBuildConfiguration;
			buildSettings = {
				ASSETCATALOG_COMPILER_APPICON_NAME = AppIcon;
				ASSETCATALOG_COMPILER_GLOBAL_ACCENT_COLOR_NAME = AccentColor;
				CODE_SIGN_STYLE = Automatic;
				CURRENT_PROJECT_VERSION = 1;
				DEVELOPMENT_ASSET_PATHS = "\"Moonshot/Preview Content\"";
				DEVELOPMENT_TEAM = 2Q2WD39QHC;
				ENABLE_PREVIEWS = YES;
				GENERATE_INFOPLIST_FILE = YES;
				INFOPLIST_KEY_UIApplicationSceneManifest_Generation = YES;
				INFOPLIST_KEY_UIApplicationSupportsIndirectInputEvents = YES;
				INFOPLIST_KEY_UILaunchScreen_Generation = YES;
				INFOPLIST_KEY_UISupportedInterfaceOrientations_iPad = "UIInterfaceOrientationPortrait UIInterfaceOrientationPortraitUpsideDown UIInterfaceOrientationLandscapeLeft UIInterfaceOrientationLandscapeRight";
				INFOPLIST_KEY_UISupportedInterfaceOrientations_iPhone = "UIInterfaceOrientationPortrait UIInterfaceOrientationLandscapeLeft UIInterfaceOrientationLandscapeRight";
				LD_RUNPATH_SEARCH_PATHS = (
					"$(inherited)",
					"@executable_path/Frameworks",
				);
				MARKETING_VERSION = 1.0;
				PRODUCT_BUNDLE_IDENTIFIER = federicocipriani.Moonshot;
				PRODUCT_NAME = "$(TARGET_NAME)";
				SWIFT_EMIT_LOC_STRINGS = YES;
				SWIFT_VERSION = 5.0;
				TARGETED_DEVICE_FAMILY = "1,2";
			};
			name = Release;
		};
/* End XCBuildConfiguration section */

/* Begin XCConfigurationList section */
		4E3F4D5E28E32D2A0034D8CC /* Build configuration list for PBXProject "Moonshot" */ = {
			isa = XCConfigurationList;
			buildConfigurations = (
				4E3F4D6F28E32D2B0034D8CC /* Debug */,
				4E3F4D7028E32D2B0034D8CC /* Release */,
			);
			defaultConfigurationIsVisible = 0;
			defaultConfigurationName = Release;
		};
		4E3F4D7128E32D2B0034D8CC /* Build configuration list for PBXNativeTarget "Moonshot" */ = {
			isa = XCConfigurationList;
			buildConfigurations = (
				4E3F4D7228E32D2B0034D8CC /* Debug */,
				4E3F4D7328E32D2B0034D8CC /* Release */,
			);
			defaultConfigurationIsVisible = 0;
			defaultConfigurationName = Release;
		};
/* End XCConfigurationList section */
	};
	rootObject = 4E3F4D5B28E32D2A0034D8CC /* Project object */;
}
